{
    "name": "js_algorithm",
    "version": "1.0.0",
    "lockfileVersion": 1,
    "requires": true,
    "dependencies": {
        "@babel/parser": {
            "version": "7.9.4",
            "resolved": "https://registry.npm.taobao.org/@babel/parser/download/@babel/parser-7.9.4.tgz",
            "integrity": "sha1-aKNeawMZu8AURlvkOCgwARPy8ug=",
            "dev": true
        },
        "argparse": {
            "version": "1.0.10",
            "resolved": "http://registry.npm.taobao.org/argparse/download/argparse-1.0.10.tgz",
            "integrity": "sha1-vNZ5HqWuCXJeF+WtmIE0zUCz2RE=",
            "dev": true,
            "requires": {
                "sprintf-js": "~1.0.2"
            }
        },
        "bluebird": {
            "version": "3.7.2",
            "resolved": "https://registry.npm.taobao.org/bluebird/download/bluebird-3.7.2.tgz",
            "integrity": "sha1-nyKcFb4nJFT/qXOs4NvueaGww28=",
            "dev": true
        },
        "catharsis": {
            "version": "0.8.11",
            "resolved": "https://registry.npm.taobao.org/catharsis/download/catharsis-0.8.11.tgz",
            "integrity": "sha1-0Os9K4K32no84u+xp7AL7MZkNGg=",
            "dev": true,
            "requires": {
                "lodash": "^4.17.14"
            }
        },
        "entities": {
            "version": "2.0.0",
            "resolved": "https://registry.npm.taobao.org/entities/download/entities-2.0.0.tgz",
            "integrity": "sha1-aNYITKsbB5dnVA2A5Wo5tCPkq/Q=",
            "dev": true
        },
        "escape-string-regexp": {
            "version": "2.0.0",
            "resolved": "https://registry.npm.taobao.org/escape-string-regexp/download/escape-string-regexp-2.0.0.tgz?cache=0&sync_timestamp=1586277009115&other_urls=https%3A%2F%2Fregistry.npm.taobao.org%2Fescape-string-regexp%2Fdownload%2Fescape-string-regexp-2.0.0.tgz",
            "integrity": "sha1-owME6Z2qMuI7L9IPUbq9B8/8o0Q=",
            "dev": true
        },
        "graceful-fs": {
            "version": "4.2.3",
            "resolved": "https://registry.npm.taobao.org/graceful-fs/download/graceful-fs-4.2.3.tgz",
            "integrity": "sha1-ShL/G2A3bvCYYsIJPt2Qgyi+hCM=",
            "dev": true
        },
        "js2xmlparser": {
            "version": "4.0.1",
            "resolved": "https://registry.npm.taobao.org/js2xmlparser/download/js2xmlparser-4.0.1.tgz",
            "integrity": "sha1-Zw73G8VmHwicyQSBuZoFoSJ6470=",
            "dev": true,
            "requires": {
                "xmlcreate": "^2.0.3"
            }
        },
        "jsdoc": {
            "version": "3.6.4",
            "resolved": "https://registry.npm.taobao.org/jsdoc/download/jsdoc-3.6.4.tgz",
            "integrity": "sha1-JGsoMqDqizekQbYXRVCc/inhdLY=",
            "dev": true,
            "requires": {
                "@babel/parser": "^7.9.4",
                "bluebird": "^3.7.2",
                "catharsis": "^0.8.11",
                "escape-string-regexp": "^2.0.0",
                "js2xmlparser": "^4.0.1",
                "klaw": "^3.0.0",
                "markdown-it": "^10.0.0",
                "markdown-it-anchor": "^5.2.7",
                "marked": "^0.8.2",
                "mkdirp": "^1.0.4",
                "requizzle": "^0.2.3",
                "strip-json-comments": "^3.1.0",
                "taffydb": "2.6.2",
                "underscore": "~1.10.2"
            }
        },
        "klaw": {
            "version": "3.0.0",
            "resolved": "http://registry.npm.taobao.org/klaw/download/klaw-3.0.0.tgz",
            "integrity": "sha1-sRvsnPJJLwZ1bW6Amrc6KRAlkUY=",
            "dev": true,
            "requires": {
                "graceful-fs": "^4.1.9"
            }
        },
        "linkify-it": {
            "version": "2.2.0",
            "resolved": "https://registry.npm.taobao.org/linkify-it/download/linkify-it-2.2.0.tgz",
            "integrity": "sha1-47VGl+eL+RXHCjis14/QngBYsc8=",
            "dev": true,
            "requires": {
                "uc.micro": "^1.0.1"
            }
        },
        "lodash": {
            "version": "4.17.15",
            "resolved": "https://registry.npm.taobao.org/lodash/download/lodash-4.17.15.tgz",
            "integrity": "sha1-tEf2ZwoEVbv+7dETku/zMOoJdUg=",
            "dev": true
        },
        "markdown-it": {
            "version": "10.0.0",
            "resolved": "https://registry.npm.taobao.org/markdown-it/download/markdown-it-10.0.0.tgz",
            "integrity": "sha1-q/xk8UGxci1mNAIETkOSfx9QqNw=",
            "dev": true,
            "requires": {
                "argparse": "^1.0.7",
                "entities": "~2.0.0",
                "linkify-it": "^2.0.0",
                "mdurl": "^1.0.1",
                "uc.micro": "^1.0.5"
            }
        },
        "markdown-it-anchor": {
            "version": "5.2.7",
            "resolved": "https://registry.npm.taobao.org/markdown-it-anchor/download/markdown-it-anchor-5.2.7.tgz",
            "integrity": "sha1-7HQPa9AyWKWCzQxluWRLn5hS5aM=",
            "dev": true
        },
        "marked": {
            "version": "0.8.2",
            "resolved": "https://registry.npm.taobao.org/marked/download/marked-0.8.2.tgz?cache=0&sync_timestamp=1584893407844&other_urls=https%3A%2F%2Fregistry.npm.taobao.org%2Fmarked%2Fdownload%2Fmarked-0.8.2.tgz",
            "integrity": "sha1-T6rSjSbt41Gnoaql/sZ5Fchp41U=",
            "dev": true
        },
        "mdurl": {
            "version": "1.0.1",
            "resolved": "https://registry.npm.taobao.org/mdurl/download/mdurl-1.0.1.tgz",
            "integrity": "sha1-/oWy7HWlkDfyrf7BAP1sYBdhFS4=",
            "dev": true
        },
        "mkdirp": {
            "version": "1.0.4",
            "resolved": "https://registry.npm.taobao.org/mkdirp/download/mkdirp-1.0.4.tgz?cache=0&sync_timestamp=1585933967633&other_urls=https%3A%2F%2Fregistry.npm.taobao.org%2Fmkdirp%2Fdownload%2Fmkdirp-1.0.4.tgz",
            "integrity": "sha1-PrXtYmInVteaXw4qIh3+utdcL34=",
            "dev": true
        },
        "requizzle": {
            "version": "0.2.3",
            "resolved": "https://registry.npm.taobao.org/requizzle/download/requizzle-0.2.3.tgz",
            "integrity": "sha1-RnXJCqyvssA2vTm6LapKHLd3/e0=",
            "dev": true,
            "requires": {
                "lodash": "^4.17.14"
            }
        },
        "sprintf-js": {
            "version": "1.0.3",
            "resolved": "http://registry.npm.taobao.org/sprintf-js/download/sprintf-js-1.0.3.tgz",
            "integrity": "sha1-BOaSb2YolTVPPdAVIDYzuFcpfiw=",
            "dev": true
        },
        "strip-json-comments": {
            "version": "3.1.0",
            "resolved": "https://registry.npm.taobao.org/strip-json-comments/download/strip-json-comments-3.1.0.tgz?cache=0&sync_timestamp=1586160054577&other_urls=https%3A%2F%2Fregistry.npm.taobao.org%2Fstrip-json-comments%2Fdownload%2Fstrip-json-comments-3.1.0.tgz",
            "integrity": "sha1-djjTFCISns9EV0QACfugP5+awYA=",
            "dev": true
        },
        "taffydb": {
            "version": "2.6.2",
            "resolved": "https://registry.npm.taobao.org/taffydb/download/taffydb-2.6.2.tgz",
            "integrity": "sha1-fLy2S1oUG2ou/CxdLGe04VCyomg=",
            "dev": true
        },
        "uc.micro": {
            "version": "1.0.6",
            "resolved": "https://registry.npm.taobao.org/uc.micro/download/uc.micro-1.0.6.tgz",
            "integrity": "sha1-nEEagCpAmpH8bPdAgbq6NLJEmaw=",
            "dev": true
        },
        "underscore": {
            "version": "1.10.2",
            "resolved": "https://registry.npm.taobao.org/underscore/download/underscore-1.10.2.tgz?cache=0&sync_timestamp=1585605854253&other_urls=https%3A%2F%2Fregistry.npm.taobao.org%2Funderscore%2Fdownload%2Funderscore-1.10.2.tgz",
            "integrity": "sha1-c9aqNmjzGI5K2w8ZQ70Sz9fvqq8=",
            "dev": true
        },
        "xmlcreate": {
            "version": "2.0.3",
            "resolved": "https://registry.npm.taobao.org/xmlcreate/download/xmlcreate-2.0.3.tgz",
            "integrity": "sha1-357NUY/TiQqzVI4bgR0EBhSZNJc=",
            "dev": true
        }
    }
}
